
Microsoft Visual Studio Solution File, Format Version 12.00
# Visual Studio Version 17
VisualStudioVersion = 17.10.34928.147
MinimumVisualStudioVersion = 10.0.40219.1
Project("{FAE04EC0-301F-11D3-BF4B-00C04F79EFBC}") = "radiopic", "radiopic\radiopic.csproj", "{11F6E4A0-BDE7-4A16-BE15-649DDC665CEF}"
EndProject
Global
	GlobalSection(SolutionConfigurationPlatforms) = preSolution
		Debug|Any CPU = Debug|Any CPU
		Release|Any CPU = Release|Any CPU
	EndGlobalSection
	GlobalSection(ProjectConfigurationPlatforms) = postSolution
		{11F6E4A0-BDE7-4A16-BE15-649DDC665CEF}.Debug|Any CPU.ActiveCfg = Debug|Any CPU
		{11F6E4A0-BDE7-4A16-BE15-649DDC665CEF}.Debug|Any CPU.Build.0 = Debug|Any CPU
		{11F6E4A0-BDE7-4A16-BE15-649DDC665CEF}.Release|Any CPU.ActiveCfg = Release|Any CPU
		{11F6E4A0-BDE7-4A16-BE15-649DDC665CEF}.Release|Any CPU.Build.0 = Release|Any CPU
	EndGlobalSection
	GlobalSection(SolutionProperties) = preSolution
		HideSolutionNode = FALSE
	EndGlobalSection
	GlobalSection(ExtensibilityGlobals) = postSolution
		SolutionGuid = {E1E7F624-03B9-4A3C-86EF-421C3466C5B8}
	EndGlobalSection
EndGlobal
